
Microsoft Visual Studio Solution File, Format Version 12.00
# Visual Studio Version 16
VisualStudioVersion = 16.0.30223.230
MinimumVisualStudioVersion = 10.0.40219.1
Project("{FAE04EC0-301F-11D3-BF4B-00C04F79EFBC}") = "DiskDriveInfo", "DiskDriveInfo\DiskDriveInfo.csproj", "{C63792F5-F694-41F1-926A-5027C687C9C7}"
EndProject
Project("{2150E333-8FDC-42A3-9474-1A3956D46DE8}") = "Solution Items", "Solution Items", "{5BE644B1-6367-41A6-98FF-A4011DCE4A88}"
	ProjectSection(SolutionItems) = preProject
		.editorconfig = .editorconfig
		LICENSE = LICENSE
		README.md = README.md
	EndProjectSection
EndProject
Global
	GlobalSection(SolutionConfigurationPlatforms) = preSolution
		Debug|Any CPU = Debug|Any CPU
		Release|Any CPU = Release|Any CPU
	EndGlobalSection
	GlobalSection(ProjectConfigurationPlatforms) = postSolution
		{C63792F5-F694-41F1-926A-5027C687C9C7}.Debug|Any CPU.ActiveCfg = Debug|Any CPU
		{C63792F5-F694-41F1-926A-5027C687C9C7}.Debug|Any CPU.Build.0 = Debug|Any CPU
		{C63792F5-F694-41F1-926A-5027C687C9C7}.Release|Any CPU.ActiveCfg = Release|Any CPU
		{C63792F5-F694-41F1-926A-5027C687C9C7}.Release|Any CPU.Build.0 = Release|Any CPU
	EndGlobalSection
	GlobalSection(SolutionProperties) = preSolution
		HideSolutionNode = FALSE
	EndGlobalSection
	GlobalSection(ExtensibilityGlobals) = postSolution
		SolutionGuid = {95E7AA94-9EA2-4039-B1FC-0350B8F2E759}
	EndGlobalSection
EndGlobal
